Microsoft Visual Studio Solution File, Format Version 12.00
# Visual Studio Version 17
VisualStudioVersion = 17.5.2.0
MinimumVisualStudioVersion = 10.0.40219.1
Project("{FAE04EC0-301F-11D3-BF4B-00C04F79EFBC}") = "appointmentScheduler", "appointmentScheduler\appointmentScheduler.csproj", "{1FA2E045-D494-E6D2-2710-5A5E255EF69E}"
EndProject
Global
	GlobalSection(SolutionConfigurationPlatforms) = preSolution
		Debug|Any CPU = Debug|Any CPU
		Release|Any CPU = Release|Any CPU
	EndGlobalSection
	GlobalSection(ProjectConfigurationPlatforms) = postSolution
		{1FA2E045-D494-E6D2-2710-5A5E255EF69E}.Debug|Any CPU.ActiveCfg = Debug|Any CPU
		{1FA2E045-D494-E6D2-2710-5A5E255EF69E}.Debug|Any CPU.Build.0 = Debug|Any CPU
		{1FA2E045-D494-E6D2-2710-5A5E255EF69E}.Release|Any CPU.ActiveCfg = Release|Any CPU
		{1FA2E045-D494-E6D2-2710-5A5E255EF69E}.Release|Any CPU.Build.0 = Release|Any CPU
	EndGlobalSection
	GlobalSection(SolutionProperties) = preSolution
		HideSolutionNode = FALSE
	EndGlobalSection
	GlobalSection(ExtensibilityGlobals) = postSolution
		SolutionGuid = {07E8F945-6472-4156-9440-8CB90F51A9AC}
	EndGlobalSection
EndGlobal
